{
    "_readme": [
        "This file locks the dependencies of your project to a known state",
        "Read more about it at https://getcomposer.org/doc/01-basic-usage.md#installing-dependencies",
        "This file is @generated automatically"
    ],
    "content-hash": "fa0a372755180fc3f70241366f93670b",
    "packages": [
        {
            "name": "automattic/jetpack-autoloader",
            "version": "v5.0.16",
            "source": {
                "type": "git",
                "url": "https://github.com/Automattic/jetpack-autoloader.git",
                "reference": "d8ae822a35e7431137e860ee60eceedaa745e4d1"
            },
            "dist": {
                "type": "zip",
                "url": "https://api.github.com/repos/Automattic/jetpack-autoloader/zipball/d8ae822a35e7431137e860ee60eceedaa745e4d1",
                "reference": "d8ae822a35e7431137e860ee60eceedaa745e4d1",
                "shasum": ""
            },
            "require": {
                "composer-plugin-api": "^2.2",
                "php": ">=7.2"
            },
            "require-dev": {
                "automattic/jetpack-changelogger": "^6.0.14",
                "automattic/phpunit-select-config": "^1.0.3",
                "composer/composer": "^2.2",
                "yoast/phpunit-polyfills": "^4.0.0"
            },
            "type": "composer-plugin",
            "extra": {
                "class": "Automattic\\Jetpack\\Autoloader\\CustomAutoloaderPlugin",
                "autotagger": true,
                "mirror-repo": "Automattic/jetpack-autoloader",
                "branch-alias": {
                    "dev-trunk": "5.0.x-dev"
                },
                "changelogger": {
                    "link-template": "https://github.com/Automattic/jetpack-autoloader/compare/v${old}...v${new}"
                },
                "version-constants": {
                    "::VERSION": "src/AutoloadGenerator.php"
                }
            },
            "autoload": {
                "psr-4": {
                    "Automattic\\Jetpack\\Autoloader\\": "src"
                },
                "classmap": [
                    "src/AutoloadGenerator.php"
                ]
            },
            "notification-url": "https://packagist.org/downloads/",
            "license": [
                "GPL-2.0-or-later"
            ],
            "description": "Creates a custom autoloader for a plugin or theme.",
            "keywords": [
                "autoload",
                "autoloader",
                "composer",
                "jetpack",
                "plugin",
                "wordpress"
            ],
            "support": {
                "source": "https://github.com/Automattic/jetpack-autoloader/tree/v5.0.16"
            },
            "time": "2026-02-16T10:33:15+00:00"
        },
        {
            "name": "wordpress/mcp-adapter",
            "version": "v0.5.0",
            "source": {
                "type": "git",
                "url": "https://github.com/WordPress/mcp-adapter.git",
                "reference": "7bfc49f46b3ea7544dded49d5a606089f825a80b"
            },
            "dist": {
                "type": "zip",
                "url": "https://api.github.com/repos/WordPress/mcp-adapter/zipball/7bfc49f46b3ea7544dded49d5a606089f825a80b",
                "reference": "7bfc49f46b3ea7544dded49d5a606089f825a80b",
                "shasum": ""
            },
            "require": {
                "ext-json": "*",
                "php": "^7.4 || ^8.0",
                "wordpress/php-mcp-schema": "^0.1.0"
            },
            "require-dev": {
                "automattic/vipwpcs": "^3.0",
                "php-stubs/wordpress-stubs": "^6.9",
                "php-stubs/wp-cli-stubs": "^2.12",
                "phpcompatibility/php-compatibility": "10.x-dev as 9.99.99",
                "phpcompatibility/phpcompatibility-wp": "^2.1",
                "phpstan/extension-installer": "^1.3",
                "phpstan/php-8-stubs": "^0.4.24",
                "phpstan/phpstan": "^2.1.22",
                "phpstan/phpstan-deprecation-rules": "^2.0.3",
                "phpunit/phpunit": "^9.6",
                "slevomat/coding-standard": "^8.0",
                "szepeviktor/phpstan-wordpress": "^2.0",
                "wp-phpunit/wp-phpunit": "^6.5",
                "wpackagist-plugin/plugin-check": "^1.6",
                "yoast/phpunit-polyfills": "^4.0"
            },
            "type": "wordpress-plugin",
            "extra": {
                "installer-paths": {
                    "vendor/{$vendor}/{$name}/": [
                        "wpackagist-plugin/plugin-check"
                    ]
                }
            },
            "autoload": {
                "psr-4": {
                    "WP\\MCP\\": "includes/"
                }
            },
            "notification-url": "https://packagist.org/downloads/",
            "license": [
                "GPL-2.0-or-later"
            ],
            "authors": [
                {
                    "name": "WordPress AI Team",
                    "homepage": "https://make.wordpress.org/ai/"
                }
            ],
            "description": "Adapter for Abilities API, letting WordPress abilities to be used as MCP tools, resources or prompts",
            "homepage": "https://github.com/wordpress/mcp-adapter",
            "keywords": [
                "abilities-api",
                "adapter",
                "ai",
                "api",
                "integration",
                "mcp",
                "model-context-protocol",
                "wordpress"
            ],
            "support": {
                "issues": "https://github.com/wordpress/mcp-adapter/issues",
                "source": "https://github.com/wordpress/mcp-adapter"
            },
            "time": "2026-04-14T12:12:58+00:00"
        },
        {
            "name": "wordpress/php-mcp-schema",
            "version": "v0.1.1",
            "source": {
                "type": "git",
                "url": "https://github.com/WordPress/php-mcp-schema.git",
                "reference": "e2118ec421ead51a3e17a3d8160f4537727e91b9"
            },
            "dist": {
                "type": "zip",
                "url": "https://api.github.com/repos/WordPress/php-mcp-schema/zipball/e2118ec421ead51a3e17a3d8160f4537727e91b9",
                "reference": "e2118ec421ead51a3e17a3d8160f4537727e91b9",
                "shasum": ""
            },
            "require": {
                "php": ">=7.4"
            },
            "require-dev": {
                "phpstan/phpstan": "^1.10"
            },
            "type": "library",
            "autoload": {
                "psr-4": {
                    "WP\\McpSchema\\": "src/"
                }
            },
            "notification-url": "https://packagist.org/downloads/",
            "license": [
                "GPL-2.0-or-later"
            ],
            "authors": [
                {
                    "name": "WordPress",
                    "homepage": "https://wordpress.org"
                }
            ],
            "description": "PHP DTOs for the Model Context Protocol (MCP) specification",
            "homepage": "https://github.com/WordPress/php-mcp-schema",
            "keywords": [
                "dto",
                "mcp",
                "model-context-protocol",
                "php",
                "schema"
            ],
            "support": {
                "issues": "https://github.com/WordPress/php-mcp-schema/issues",
                "source": "https://github.com/WordPress/php-mcp-schema/tree/v0.1.1"
            },
            "time": "2026-04-10T19:35:16+00:00"
        }
    ],
    "packages-dev": [
        {
            "name": "php-stubs/wordpress-stubs",
            "version": "v6.9.1",
            "source": {
                "type": "git",
                "url": "https://github.com/php-stubs/wordpress-stubs.git",
                "reference": "f12220f303e0d7c0844c0e5e957b0c3cee48d2f7"
            },
            "dist": {
                "type": "zip",
                "url": "https://api.github.com/repos/php-stubs/wordpress-stubs/zipball/f12220f303e0d7c0844c0e5e957b0c3cee48d2f7",
                "reference": "f12220f303e0d7c0844c0e5e957b0c3cee48d2f7",
                "shasum": ""
            },
            "conflict": {
                "phpdocumentor/reflection-docblock": "5.6.1"
            },
            "require-dev": {
                "dealerdirect/phpcodesniffer-composer-installer": "^1.0",
                "nikic/php-parser": "^5.5",
                "php": "^7.4 || ^8.0",
                "php-stubs/generator": "^0.8.3",
                "phpdocumentor/reflection-docblock": "^6.0",
                "phpstan/phpstan": "^2.1",
                "phpunit/phpunit": "^9.5",
                "symfony/polyfill-php80": "*",
                "szepeviktor/phpcs-psr-12-neutron-hybrid-ruleset": "^1.1.1",
                "wp-coding-standards/wpcs": "3.1.0 as 2.3.0"
            },
            "suggest": {
                "paragonie/sodium_compat": "Pure PHP implementation of libsodium",
                "symfony/polyfill-php80": "Symfony polyfill backporting some PHP 8.0+ features to lower PHP versions",
                "szepeviktor/phpstan-wordpress": "WordPress extensions for PHPStan"
            },
            "type": "library",
            "notification-url": "https://packagist.org/downloads/",
            "license": [
                "MIT"
            ],
            "description": "WordPress function and class declaration stubs for static analysis.",
            "homepage": "https://github.com/php-stubs/wordpress-stubs",
            "keywords": [
                "PHPStan",
                "static analysis",
                "wordpress"
            ],
            "support": {
                "issues": "https://github.com/php-stubs/wordpress-stubs/issues",
                "source": "https://github.com/php-stubs/wordpress-stubs/tree/v6.9.1"
            },
            "time": "2026-02-03T19:29:21+00:00"
        }
    ],
    "aliases": [],
    "minimum-stability": "stable",
    "stability-flags": {},
    "prefer-stable": false,
    "prefer-lowest": false,
    "platform": {
        "php": ">=7.4"
    },
    "platform-dev": {},
    "plugin-api-version": "2.6.0"
}
